
Microsoft Visual Studio Solution File, Format Version 12.00
# Visual Studio Version 16
VisualStudioVersion = 16.0.29215.179
MinimumVisualStudioVersion = 10.0.40219.1
Project("{FAE04EC0-301F-11D3-BF4B-00C04F79EFBC}") = "SortedList_Test", "SortedList_Test\SortedList_Test.csproj", "{C0EA81E7-D1FC-4E4B-8F44-E7F561D29E34}"
EndProject
Global
	GlobalSection(SolutionConfigurationPlatforms) = preSolution
		Debug|Any CPU = Debug|Any CPU
		Release|Any CPU = Release|Any CPU
	EndGlobalSection
	GlobalSection(ProjectConfigurationPlatforms) = postSolution
		{C0EA81E7-D1FC-4E4B-8F44-E7F561D29E34}.Debug|Any CPU.ActiveCfg = Debug|Any CPU
		{C0EA81E7-D1FC-4E4B-8F44-E7F561D29E34}.Debug|Any CPU.Build.0 = Debug|Any CPU
		{C0EA81E7-D1FC-4E4B-8F44-E7F561D29E34}.Release|Any CPU.ActiveCfg = Release|Any CPU
		{C0EA81E7-D1FC-4E4B-8F44-E7F561D29E34}.Release|Any CPU.Build.0 = Release|Any CPU
	EndGlobalSection
	GlobalSection(SolutionProperties) = preSolution
		HideSolutionNode = FALSE
	EndGlobalSection
	GlobalSection(ExtensibilityGlobals) = postSolution
		SolutionGuid = {AF5B074E-F4A7-4597-8716-55A4AD609632}
	EndGlobalSection
EndGlobal
